
Microsoft Visual Studio Solution File, Format Version 12.00
# Visual Studio Version 16
VisualStudioVersion = 16.0.30611.23
MinimumVisualStudioVersion = 10.0.40219.1
Project("{FAE04EC0-301F-11D3-BF4B-00C04F79EFBC}") = "string handling", "string handling.csproj", "{BC4438B3-74CC-4330-9E1A-94C226C162BF}"
EndProject
Global
	GlobalSection(SolutionConfigurationPlatforms) = preSolution
		Debug|Any CPU = Debug|Any CPU
		Release|Any CPU = Release|Any CPU
	EndGlobalSection
	GlobalSection(ProjectConfigurationPlatforms) = postSolution
		{BC4438B3-74CC-4330-9E1A-94C226C162BF}.Debug|Any CPU.ActiveCfg = Debug|Any CPU
		{BC4438B3-74CC-4330-9E1A-94C226C162BF}.Debug|Any CPU.Build.0 = Debug|Any CPU
		{BC4438B3-74CC-4330-9E1A-94C226C162BF}.Release|Any CPU.ActiveCfg = Release|Any CPU
		{BC4438B3-74CC-4330-9E1A-94C226C162BF}.Release|Any CPU.Build.0 = Release|Any CPU
	EndGlobalSection
	GlobalSection(SolutionProperties) = preSolution
		HideSolutionNode = FALSE
	EndGlobalSection
	GlobalSection(ExtensibilityGlobals) = postSolution
		SolutionGuid = {6DF41BCE-4D23-4CDA-A40D-7AAF9A1997E0}
	EndGlobalSection
EndGlobal
