
Microsoft Visual Studio Solution File, Format Version 12.00
# Visual Studio Version 16
VisualStudioVersion = 16.0.30611.23
MinimumVisualStudioVersion = 10.0.40219.1
Project("{FAE04EC0-301F-11D3-BF4B-00C04F79EFBC}") = "exception handling", "exception handling.csproj", "{B53404E3-9F97-4183-940F-C2F0BF810B43}"
EndProject
Global
	GlobalSection(SolutionConfigurationPlatforms) = preSolution
		Debug|Any CPU = Debug|Any CPU
		Release|Any CPU = Release|Any CPU
	EndGlobalSection
	GlobalSection(ProjectConfigurationPlatforms) = postSolution
		{B53404E3-9F97-4183-940F-C2F0BF810B43}.Debug|Any CPU.ActiveCfg = Debug|Any CPU
		{B53404E3-9F97-4183-940F-C2F0BF810B43}.Debug|Any CPU.Build.0 = Debug|Any CPU
		{B53404E3-9F97-4183-940F-C2F0BF810B43}.Release|Any CPU.ActiveCfg = Release|Any CPU
		{B53404E3-9F97-4183-940F-C2F0BF810B43}.Release|Any CPU.Build.0 = Release|Any CPU
	EndGlobalSection
	GlobalSection(SolutionProperties) = preSolution
		HideSolutionNode = FALSE
	EndGlobalSection
	GlobalSection(ExtensibilityGlobals) = postSolution
		SolutionGuid = {7ED1B214-974C-4AF8-B77D-E8FC2FAD3A3F}
	EndGlobalSection
EndGlobal
