
Microsoft Visual Studio Solution File, Format Version 12.00
# Visual Studio Version 16
VisualStudioVersion = 16.0.30611.23
MinimumVisualStudioVersion = 10.0.40219.1
Project("{FAE04EC0-301F-11D3-BF4B-00C04F79EFBC}") = "studentapp", "studentapp\studentapp.csproj", "{EB9F71A4-CE97-415C-915E-A99A7DCB88ED}"
EndProject
Global
	GlobalSection(SolutionConfigurationPlatforms) = preSolution
		Debug|Any CPU = Debug|Any CPU
		Release|Any CPU = Release|Any CPU
	EndGlobalSection
	GlobalSection(ProjectConfigurationPlatforms) = postSolution
		{EB9F71A4-CE97-415C-915E-A99A7DCB88ED}.Debug|Any CPU.ActiveCfg = Debug|Any CPU
		{EB9F71A4-CE97-415C-915E-A99A7DCB88ED}.Debug|Any CPU.Build.0 = Debug|Any CPU
		{EB9F71A4-CE97-415C-915E-A99A7DCB88ED}.Release|Any CPU.ActiveCfg = Release|Any CPU
		{EB9F71A4-CE97-415C-915E-A99A7DCB88ED}.Release|Any CPU.Build.0 = Release|Any CPU
	EndGlobalSection
	GlobalSection(SolutionProperties) = preSolution
		HideSolutionNode = FALSE
	EndGlobalSection
	GlobalSection(ExtensibilityGlobals) = postSolution
		SolutionGuid = {C13B72CF-7EC4-483A-B4AE-66FC456BA79D}
	EndGlobalSection
EndGlobal
