
Microsoft Visual Studio Solution File, Format Version 12.00
# Visual Studio Version 16
VisualStudioVersion = 16.0.30611.23
MinimumVisualStudioVersion = 10.0.40219.1
Project("{FAE04EC0-301F-11D3-BF4B-00C04F79EFBC}") = "dateformat", "dateformat\dateformat.csproj", "{48856A99-6EA2-4B0A-A7C8-0BE5D55E2C1B}"
EndProject
Global
	GlobalSection(SolutionConfigurationPlatforms) = preSolution
		Debug|Any CPU = Debug|Any CPU
		Release|Any CPU = Release|Any CPU
	EndGlobalSection
	GlobalSection(ProjectConfigurationPlatforms) = postSolution
		{48856A99-6EA2-4B0A-A7C8-0BE5D55E2C1B}.Debug|Any CPU.ActiveCfg = Debug|Any CPU
		{48856A99-6EA2-4B0A-A7C8-0BE5D55E2C1B}.Debug|Any CPU.Build.0 = Debug|Any CPU
		{48856A99-6EA2-4B0A-A7C8-0BE5D55E2C1B}.Release|Any CPU.ActiveCfg = Release|Any CPU
		{48856A99-6EA2-4B0A-A7C8-0BE5D55E2C1B}.Release|Any CPU.Build.0 = Release|Any CPU
	EndGlobalSection
	GlobalSection(SolutionProperties) = preSolution
		HideSolutionNode = FALSE
	EndGlobalSection
	GlobalSection(ExtensibilityGlobals) = postSolution
		SolutionGuid = {0BA5586F-9356-4FC2-B74B-BA22E80CBB11}
	EndGlobalSection
EndGlobal
